
Microsoft Visual Studio Solution File, Format Version 12.00
# Visual Studio Version 17
VisualStudioVersion = 17.4.33213.308
MinimumVisualStudioVersion = 10.0.40219.1
Project("{FAE04EC0-301F-11D3-BF4B-00C04F79EFBC}") = "RECREATE_GENERIC_COLLECTION", "RECREATE_GENERIC_COLLECTION\RECREATE_GENERIC_COLLECTION.csproj", "{02CD4A2B-E059-471E-B93F-67B9C54E0150}"
EndProject
Global
	GlobalSection(SolutionConfigurationPlatforms) = preSolution
		Debug|Any CPU = Debug|Any CPU
		Release|Any CPU = Release|Any CPU
	EndGlobalSection
	GlobalSection(ProjectConfigurationPlatforms) = postSolution
		{02CD4A2B-E059-471E-B93F-67B9C54E0150}.Debug|Any CPU.ActiveCfg = Debug|Any CPU
		{02CD4A2B-E059-471E-B93F-67B9C54E0150}.Debug|Any CPU.Build.0 = Debug|Any CPU
		{02CD4A2B-E059-471E-B93F-67B9C54E0150}.Release|Any CPU.ActiveCfg = Release|Any CPU
		{02CD4A2B-E059-471E-B93F-67B9C54E0150}.Release|Any CPU.Build.0 = Release|Any CPU
	EndGlobalSection
	GlobalSection(SolutionProperties) = preSolution
		HideSolutionNode = FALSE
	EndGlobalSection
	GlobalSection(ExtensibilityGlobals) = postSolution
		SolutionGuid = {F226B9D3-2C92-49A0-B341-A5EAF90EFF3C}
	EndGlobalSection
EndGlobal
